
Microsoft Visual Studio Solution File, Format Version 12.00
# Visual Studio 14
VisualStudioVersion = 14.0.24720.0
MinimumVisualStudioVersion = 10.0.40219.1
Project("{8BC9CEB8-8B4A-11D0-8D11-00A0C91BC942}") = "JsonParser", "JsonParser\JsonParser.vcxproj", "{2BBF02D5-D5DC-48D2-86D9-F2AE56AD3292}"
EndProject
Project("{8BC9CEB8-8B4A-11D0-8D11-00A0C91BC942}") = "TestJsonParser", "TestJsonParser\TestJsonParser.vcxproj", "{BF0041C9-F0BB-4088-94F0-2C4636B972F2}"
	ProjectSection(ProjectDependencies) = postProject
		{2BBF02D5-D5DC-48D2-86D9-F2AE56AD3292} = {2BBF02D5-D5DC-48D2-86D9-F2AE56AD3292}
	EndProjectSection
EndProject
Project("{2150E333-8FDC-42A3-9474-1A3956D46DE8}") = "Solution Items", "Solution Items", "{37C4F4AA-5AF6-4F1B-9807-95515C055003}"
	ProjectSection(SolutionItems) = preProject
		.gitattributes = .gitattributes
		.gitignore = .gitignore
		README.md = README.md
	EndProjectSection
EndProject
Global
	GlobalSection(SolutionConfigurationPlatforms) = preSolution
		Debug|Win32 = Debug|Win32
		Release|Win32 = Release|Win32
	EndGlobalSection
	GlobalSection(ProjectConfigurationPlatforms) = postSolution
		{2BBF02D5-D5DC-48D2-86D9-F2AE56AD3292}.Debug|Win32.ActiveCfg = Debug|Win32
		{2BBF02D5-D5DC-48D2-86D9-F2AE56AD3292}.Debug|Win32.Build.0 = Debug|Win32
		{2BBF02D5-D5DC-48D2-86D9-F2AE56AD3292}.Release|Win32.ActiveCfg = Release|Win32
		{2BBF02D5-D5DC-48D2-86D9-F2AE56AD3292}.Release|Win32.Build.0 = Release|Win32
		{BF0041C9-F0BB-4088-94F0-2C4636B972F2}.Debug|Win32.ActiveCfg = Debug|Win32
		{BF0041C9-F0BB-4088-94F0-2C4636B972F2}.Debug|Win32.Build.0 = Debug|Win32
		{BF0041C9-F0BB-4088-94F0-2C4636B972F2}.Release|Win32.ActiveCfg = Release|Win32
		{BF0041C9-F0BB-4088-94F0-2C4636B972F2}.Release|Win32.Build.0 = Release|Win32
	EndGlobalSection
	GlobalSection(SolutionProperties) = preSolution
		HideSolutionNode = FALSE
	EndGlobalSection
EndGlobal
